PODS:
  - Alamofire (5.0.0-rc.2)
  - Kingfisher (5.6.0)
  - KontaktSDK (2.0.1)
  - ObjectMapper (3.5.0)
  - SwiftyJSON (4.3.0)
  - XCDYouTubeKit (2.8.0)

DEPENDENCIES:
  - Alamofire (~> 5.0.0-rc.2)
  - Kingfisher (~> 5.0)
  - KontaktSDK (~> 2.0)
  - ObjectMapper (~> 3.4)
  - SwiftyJSON (~> 4.0)
  - XCDYouTubeKit (~> 2.8)

SPEC REPOS:
  https://github.com/cocoapods/specs.git:
    - Alamofire
    - Kingfisher
    - KontaktSDK
    - ObjectMapper
    - SwiftyJSON
    - XCDYouTubeKit

SPEC CHECKSUMS:
  Alamofire: f9450d3c7f6bea2ad62e7a541c3e9b186c7991d6
  Kingfisher: 1a50df6880a60bae26f3e21a0df3d17b892f5e0b
  KontaktSDK: 7dc507f20c8821d13132c6ec09089972e9b8bf5b
  ObjectMapper: 078b564ed25c6578b62588e306bf1da3924636d4
  SwiftyJSON: 6faa0040f8b59dead0ee07436cbf76b73c08fd08
  XCDYouTubeKit: 207fa50f3648fc0fd1558b2496c74c3b34af982c

PODFILE CHECKSUM: 7676f781aba3b532c42fdff925696304d1d00881

COCOAPODS: 1.5.3
